
Microsoft Visual Studio Solution File, Format Version 12.00
# Visual Studio Version 17
VisualStudioVersion = 17.8.34330.188
MinimumVisualStudioVersion = 10.0.40219.1
Project("{FAE04EC0-301F-11D3-BF4B-00C04F79EFBC}") = "inf to 2024.02.02", "inf to 2024.02.02\inf to 2024.02.02.csproj", "{E7C8DB2A-0115-4A26-94A0-73AB023E7AA8}"
EndProject
Global
	GlobalSection(SolutionConfigurationPlatforms) = preSolution
		Debug|Any CPU = Debug|Any CPU
		Release|Any CPU = Release|Any CPU
	EndGlobalSection
	GlobalSection(ProjectConfigurationPlatforms) = postSolution
		{E7C8DB2A-0115-4A26-94A0-73AB023E7AA8}.Debug|Any CPU.ActiveCfg = Debug|Any CPU
		{E7C8DB2A-0115-4A26-94A0-73AB023E7AA8}.Debug|Any CPU.Build.0 = Debug|Any CPU
		{E7C8DB2A-0115-4A26-94A0-73AB023E7AA8}.Release|Any CPU.ActiveCfg = Release|Any CPU
		{E7C8DB2A-0115-4A26-94A0-73AB023E7AA8}.Release|Any CPU.Build.0 = Release|Any CPU
	EndGlobalSection
	GlobalSection(SolutionProperties) = preSolution
		HideSolutionNode = FALSE
	EndGlobalSection
	GlobalSection(ExtensibilityGlobals) = postSolution
		SolutionGuid = {CF30CDF2-1704-49CC-95A3-07E8B763FA9C}
	EndGlobalSection
EndGlobal
